{
  "requires": true,
  "lockfileVersion": 1,
  "dependencies": {
    "@types/express-handlebars": {
      "version": "3.1.0",
      "resolved": "https://registry.npmjs.org/@types/express-handlebars/-/express-handlebars-3.1.0.tgz",
      "integrity": "sha512-Bn6j/tfhAnZEAbMtcNUFk6ESu1I6PE2pYLbUn1PR1MyNonUuQErlQ71n9DPppHK7uAuMCfgcF0oT28Lh0ej4SQ=="
    }
  }
}
